
Microsoft Visual Studio Solution File, Format Version 12.00
# Visual Studio Version 17
VisualStudioVersion = 17.0.31513.29
MinimumVisualStudioVersion = 10.0.40219.1
Project("{FAE04EC0-301F-11D3-BF4B-00C04F79EFBC}") = "CSharpApp", "CSharpApp.csproj", "{6B319BA9-1350-4862-8E1B-95104F3FF54B}"
EndProject
Global
	GlobalSection(SolutionConfigurationPlatforms) = preSolution
		Debug|Any CPU = Debug|Any CPU
		Release|Any CPU = Release|Any CPU
	EndGlobalSection
	GlobalSection(ProjectConfigurationPlatforms) = postSolution
		{6B319BA9-1350-4862-8E1B-95104F3FF54B}.Debug|Any CPU.ActiveCfg = Debug|Any CPU
		{6B319BA9-1350-4862-8E1B-95104F3FF54B}.Debug|Any CPU.Build.0 = Debug|Any CPU
		{6B319BA9-1350-4862-8E1B-95104F3FF54B}.Release|Any CPU.ActiveCfg = Release|Any CPU
		{6B319BA9-1350-4862-8E1B-95104F3FF54B}.Release|Any CPU.Build.0 = Release|Any CPU
	EndGlobalSection
	GlobalSection(SolutionProperties) = preSolution
		HideSolutionNode = FALSE
	EndGlobalSection
	GlobalSection(ExtensibilityGlobals) = postSolution
		SolutionGuid = {ADB6A56B-9B26-4F6B-82FB-5E77D01EC728}
	EndGlobalSection
EndGlobal
